
Microsoft Visual Studio Solution File, Format Version 12.00
# Visual Studio Version 17
VisualStudioVersion = 17.9.34723.18
MinimumVisualStudioVersion = 10.0.40219.1
Project("{FAE04EC0-301F-11D3-BF4B-00C04F79EFBC}") = "DynamicTimeTableGenerator", "DynamicTimeTableGenerator.csproj", "{273B8990-0153-4BF2-BDF1-D45B4482D958}"
EndProject
Global
	GlobalSection(SolutionConfigurationPlatforms) = preSolution
		Debug|Any CPU = Debug|Any CPU
		Release|Any CPU = Release|Any CPU
	EndGlobalSection
	GlobalSection(ProjectConfigurationPlatforms) = postSolution
		{273B8990-0153-4BF2-BDF1-D45B4482D958}.Debug|Any CPU.ActiveCfg = Debug|Any CPU
		{273B8990-0153-4BF2-BDF1-D45B4482D958}.Debug|Any CPU.Build.0 = Debug|Any CPU
		{273B8990-0153-4BF2-BDF1-D45B4482D958}.Release|Any CPU.ActiveCfg = Release|Any CPU
		{273B8990-0153-4BF2-BDF1-D45B4482D958}.Release|Any CPU.Build.0 = Release|Any CPU
	EndGlobalSection
	GlobalSection(SolutionProperties) = preSolution
		HideSolutionNode = FALSE
	EndGlobalSection
	GlobalSection(ExtensibilityGlobals) = postSolution
		SolutionGuid = {BDBF6819-31B4-48EF-8007-46A040621EBA}
	EndGlobalSection
EndGlobal
